
Microsoft Visual Studio Solution File, Format Version 11.00
# Visual Studio 2010
Project("{F184B08F-C81C-45F6-A57F-5ABD9991F28F}") = "IMLSDCC3", "IMLSDCC3\IMLSDCC3.vbproj", "{02EF1DC2-7FAD-40AC-B70C-4F588ACD73BF}"
EndProject
Global
	GlobalSection(SourceCodeControl) = preSolution
		SccNumberOfProjects = 2
		SccLocalPath0 = .
		SccProjectUniqueName1 = IMLSDCC3\\IMLSDCC3.vbproj
		SccLocalPath1 = .
		SccProjectFilePathRelativizedFromConnection1 = IMLSDCC3\\
	EndGlobalSection
	GlobalSection(SolutionConfigurationPlatforms) = preSolution
		Debug|Any CPU = Debug|Any CPU
		Release|Any CPU = Release|Any CPU
	EndGlobalSection
	GlobalSection(ProjectConfigurationPlatforms) = postSolution
		{02EF1DC2-7FAD-40AC-B70C-4F588ACD73BF}.Debug|Any CPU.ActiveCfg = Debug|Any CPU
		{02EF1DC2-7FAD-40AC-B70C-4F588ACD73BF}.Debug|Any CPU.Build.0 = Debug|Any CPU
		{02EF1DC2-7FAD-40AC-B70C-4F588ACD73BF}.Release|Any CPU.ActiveCfg = Release|Any CPU
		{02EF1DC2-7FAD-40AC-B70C-4F588ACD73BF}.Release|Any CPU.Build.0 = Release|Any CPU
	EndGlobalSection
	GlobalSection(SolutionProperties) = preSolution
		HideSolutionNode = FALSE
	EndGlobalSection
EndGlobal
